
Microsoft Visual Studio Solution File, Format Version 12.00
# Visual Studio 15
VisualStudioVersion = 15.0.28307.168
MinimumVisualStudioVersion = 10.0.40219.1
Project("{8BC9CEB8-8B4A-11D0-8D11-00A0C91BC942}") = "Chapter7_1", "Chapter7_1\Chapter7_1.vcxproj", "{C973F258-B78B-4640-BA47-BDBAEF1EAEBB}"
EndProject
Project("{8BC9CEB8-8B4A-11D0-8D11-00A0C91BC942}") = "Chapter7_2", "Chapter7_2\Chapter7_2.vcxproj", "{927BB7FC-FD72-489E-A428-81E99AECA5CD}"
EndProject
Project("{8BC9CEB8-8B4A-11D0-8D11-00A0C91BC942}") = "Chapter7_3", "Chapter7_3\Chapter7_3.vcxproj", "{F43BA59F-07D5-4A3E-81D2-FEAD1E997DDD}"
EndProject
Project("{8BC9CEB8-8B4A-11D0-8D11-00A0C91BC942}") = "Chapter7_4", "Chapter7_4\Chapter7_4.vcxproj", "{EB5BB23A-0242-49AF-86C9-FA074BC28F56}"
EndProject
Project("{8BC9CEB8-8B4A-11D0-8D11-00A0C91BC942}") = "Chapter7_5", "Chapter7_5\Chapter7_5.vcxproj", "{2CE1C1AB-805E-47C8-A4BB-B454EBBAFDDB}"
EndProject
Project("{8BC9CEB8-8B4A-11D0-8D11-00A0C91BC942}") = "Chapter7_6", "Chapter7_6\Chapter7_6.vcxproj", "{F61514BA-A370-4F03-9B1B-6E02C7BA8F7B}"
EndProject
Project("{8BC9CEB8-8B4A-11D0-8D11-00A0C91BC942}") = "Chapter7_7", "Chapter7_7\Chapter7_7.vcxproj", "{F32E17F7-33B5-4973-8033-8B484EC7F303}"
EndProject
Project("{8BC9CEB8-8B4A-11D0-8D11-00A0C91BC942}") = "Chapter7_8", "Chapter7_8\Chapter7_8.vcxproj", "{9B86EFD6-4998-441D-AC6B-2A1C98FDD10E}"
EndProject
Project("{8BC9CEB8-8B4A-11D0-8D11-00A0C91BC942}") = "Chapter7_9", "Chapter7_9\Chapter7_9.vcxproj", "{67B31C1F-0E57-4A1A-938D-6725B3C5F2D2}"
EndProject
Project("{8BC9CEB8-8B4A-11D0-8D11-00A0C91BC942}") = "Chapter7_10", "Chapter7_10\Chapter7_10.vcxproj", "{3CDEBC4C-E450-4BA4-99D0-0D5B38F8DB5A}"
EndProject
Project("{8BC9CEB8-8B4A-11D0-8D11-00A0C91BC942}") = "Chapter7_11", "Chapter7_11\Chapter7_11.vcxproj", "{EF6C0774-2843-4835-A58A-25343B3AFB02}"
EndProject
Project("{8BC9CEB8-8B4A-11D0-8D11-00A0C91BC942}") = "Chapter7_12", "Chapter7_12\Chapter7_12.vcxproj", "{FC7DBFB9-DA75-4DA0-A3D2-DDD223D67799}"
EndProject
Project("{8BC9CEB8-8B4A-11D0-8D11-00A0C91BC942}") = "Chapter7_13", "Chapter7_13\Chapter7_13.vcxproj", "{3EB74F2A-E7DA-49BB-8151-0BEBFA2C849B}"
EndProject
Project("{8BC9CEB8-8B4A-11D0-8D11-00A0C91BC942}") = "Chapter7_14", "Chapter7_14\Chapter7_14.vcxproj", "{A41DFC10-F69E-4D76-9A35-8A582B0004D0}"
EndProject
Project("{8BC9CEB8-8B4A-11D0-8D11-00A0C91BC942}") = "Chapter7_15", "Chapter7_15\Chapter7_15.vcxproj", "{1B481697-AAAD-4B1A-87A4-655371E3BD77}"
EndProject
Project("{8BC9CEB8-8B4A-11D0-8D11-00A0C91BC942}") = "Chapter7_16", "Chapter7_16\Chapter7_16.vcxproj", "{D1021BD3-DE88-41D9-86F1-0ACC697CECDF}"
EndProject
Global
	GlobalSection(SolutionConfigurationPlatforms) = preSolution
		Debug|x64 = Debug|x64
		Debug|x86 = Debug|x86
		Release|x64 = Release|x64
		Release|x86 = Release|x86
	EndGlobalSection
	GlobalSection(ProjectConfigurationPlatforms) = postSolution
		{C973F258-B78B-4640-BA47-BDBAEF1EAEBB}.Debug|x64.ActiveCfg = Debug|x64
		{C973F258-B78B-4640-BA47-BDBAEF1EAEBB}.Debug|x64.Build.0 = Debug|x64
		{C973F258-B78B-4640-BA47-BDBAEF1EAEBB}.Debug|x86.ActiveCfg = Debug|Win32
		{C973F258-B78B-4640-BA47-BDBAEF1EAEBB}.Debug|x86.Build.0 = Debug|Win32
		{C973F258-B78B-4640-BA47-BDBAEF1EAEBB}.Release|x64.ActiveCfg = Release|x64
		{C973F258-B78B-4640-BA47-BDBAEF1EAEBB}.Release|x64.Build.0 = Release|x64
		{C973F258-B78B-4640-BA47-BDBAEF1EAEBB}.Release|x86.ActiveCfg = Release|Win32
		{C973F258-B78B-4640-BA47-BDBAEF1EAEBB}.Release|x86.Build.0 = Release|Win32
		{927BB7FC-FD72-489E-A428-81E99AECA5CD}.Debug|x64.ActiveCfg = Debug|x64
		{927BB7FC-FD72-489E-A428-81E99AECA5CD}.Debug|x64.Build.0 = Debug|x64
		{927BB7FC-FD72-489E-A428-81E99AECA5CD}.Debug|x86.ActiveCfg = Debug|Win32
		{927BB7FC-FD72-489E-A428-81E99AECA5CD}.Debug|x86.Build.0 = Debug|Win32
		{927BB7FC-FD72-489E-A428-81E99AECA5CD}.Release|x64.ActiveCfg = Release|x64
		{927BB7FC-FD72-489E-A428-81E99AECA5CD}.Release|x64.Build.0 = Release|x64
		{927BB7FC-FD72-489E-A428-81E99AECA5CD}.Release|x86.ActiveCfg = Release|Win32
		{927BB7FC-FD72-489E-A428-81E99AECA5CD}.Release|x86.Build.0 = Release|Win32
		{F43BA59F-07D5-4A3E-81D2-FEAD1E997DDD}.Debug|x64.ActiveCfg = Debug|x64
		{F43BA59F-07D5-4A3E-81D2-FEAD1E997DDD}.Debug|x64.Build.0 = Debug|x64
		{F43BA59F-07D5-4A3E-81D2-FEAD1E997DDD}.Debug|x86.ActiveCfg = Debug|Win32
		{F43BA59F-07D5-4A3E-81D2-FEAD1E997DDD}.Debug|x86.Build.0 = Debug|Win32
		{F43BA59F-07D5-4A3E-81D2-FEAD1E997DDD}.Release|x64.ActiveCfg = Release|x64
		{F43BA59F-07D5-4A3E-81D2-FEAD1E997DDD}.Release|x64.Build.0 = Release|x64
		{F43BA59F-07D5-4A3E-81D2-FEAD1E997DDD}.Release|x86.ActiveCfg = Release|Win32
		{F43BA59F-07D5-4A3E-81D2-FEAD1E997DDD}.Release|x86.Build.0 = Release|Win32
		{EB5BB23A-0242-49AF-86C9-FA074BC28F56}.Debug|x64.ActiveCfg = Debug|x64
		{EB5BB23A-0242-49AF-86C9-FA074BC28F56}.Debug|x64.Build.0 = Debug|x64
		{EB5BB23A-0242-49AF-86C9-FA074BC28F56}.Debug|x86.ActiveCfg = Debug|Win32
		{EB5BB23A-0242-49AF-86C9-FA074BC28F56}.Debug|x86.Build.0 = Debug|Win32
		{EB5BB23A-0242-49AF-86C9-FA074BC28F56}.Release|x64.ActiveCfg = Release|x64
		{EB5BB23A-0242-49AF-86C9-FA074BC28F56}.Release|x64.Build.0 = Release|x64
		{EB5BB23A-0242-49AF-86C9-FA074BC28F56}.Release|x86.ActiveCfg = Release|Win32
		{EB5BB23A-0242-49AF-86C9-FA074BC28F56}.Release|x86.Build.0 = Release|Win32
		{2CE1C1AB-805E-47C8-A4BB-B454EBBAFDDB}.Debug|x64.ActiveCfg = Debug|x64
		{2CE1C1AB-805E-47C8-A4BB-B454EBBAFDDB}.Debug|x64.Build.0 = Debug|x64
		{2CE1C1AB-805E-47C8-A4BB-B454EBBAFDDB}.Debug|x86.ActiveCfg = Debug|Win32
		{2CE1C1AB-805E-47C8-A4BB-B454EBBAFDDB}.Debug|x86.Build.0 = Debug|Win32
		{2CE1C1AB-805E-47C8-A4BB-B454EBBAFDDB}.Release|x64.ActiveCfg = Release|x64
		{2CE1C1AB-805E-47C8-A4BB-B454EBBAFDDB}.Release|x64.Build.0 = Release|x64
		{2CE1C1AB-805E-47C8-A4BB-B454EBBAFDDB}.Release|x86.ActiveCfg = Release|Win32
		{2CE1C1AB-805E-47C8-A4BB-B454EBBAFDDB}.Release|x86.Build.0 = Release|Win32
		{F61514BA-A370-4F03-9B1B-6E02C7BA8F7B}.Debug|x64.ActiveCfg = Debug|x64
		{F61514BA-A370-4F03-9B1B-6E02C7BA8F7B}.Debug|x64.Build.0 = Debug|x64
		{F61514BA-A370-4F03-9B1B-6E02C7BA8F7B}.Debug|x86.ActiveCfg = Debug|Win32
		{F61514BA-A370-4F03-9B1B-6E02C7BA8F7B}.Debug|x86.Build.0 = Debug|Win32
		{F61514BA-A370-4F03-9B1B-6E02C7BA8F7B}.Release|x64.ActiveCfg = Release|x64
		{F61514BA-A370-4F03-9B1B-6E02C7BA8F7B}.Release|x64.Build.0 = Release|x64
		{F61514BA-A370-4F03-9B1B-6E02C7BA8F7B}.Release|x86.ActiveCfg = Release|Win32
		{F61514BA-A370-4F03-9B1B-6E02C7BA8F7B}.Release|x86.Build.0 = Release|Win32
		{F32E17F7-33B5-4973-8033-8B484EC7F303}.Debug|x64.ActiveCfg = Debug|x64
		{F32E17F7-33B5-4973-8033-8B484EC7F303}.Debug|x64.Build.0 = Debug|x64
		{F32E17F7-33B5-4973-8033-8B484EC7F303}.Debug|x86.ActiveCfg = Debug|Win32
		{F32E17F7-33B5-4973-8033-8B484EC7F303}.Debug|x86.Build.0 = Debug|Win32
		{F32E17F7-33B5-4973-8033-8B484EC7F303}.Release|x64.ActiveCfg = Release|x64
		{F32E17F7-33B5-4973-8033-8B484EC7F303}.Release|x64.Build.0 = Release|x64
		{F32E17F7-33B5-4973-8033-8B484EC7F303}.Release|x86.ActiveCfg = Release|Win32
		{F32E17F7-33B5-4973-8033-8B484EC7F303}.Release|x86.Build.0 = Release|Win32
		{9B86EFD6-4998-441D-AC6B-2A1C98FDD10E}.Debug|x64.ActiveCfg = Debug|x64
		{9B86EFD6-4998-441D-AC6B-2A1C98FDD10E}.Debug|x64.Build.0 = Debug|x64
		{9B86EFD6-4998-441D-AC6B-2A1C98FDD10E}.Debug|x86.ActiveCfg = Debug|Win32
		{9B86EFD6-4998-441D-AC6B-2A1C98FDD10E}.Debug|x86.Build.0 = Debug|Win32
		{9B86EFD6-4998-441D-AC6B-2A1C98FDD10E}.Release|x64.ActiveCfg = Release|x64
		{9B86EFD6-4998-441D-AC6B-2A1C98FDD10E}.Release|x64.Build.0 = Release|x64
		{9B86EFD6-4998-441D-AC6B-2A1C98FDD10E}.Release|x86.ActiveCfg = Release|Win32
		{9B86EFD6-4998-441D-AC6B-2A1C98FDD10E}.Release|x86.Build.0 = Release|Win32
		{67B31C1F-0E57-4A1A-938D-6725B3C5F2D2}.Debug|x64.ActiveCfg = Debug|x64
		{67B31C1F-0E57-4A1A-938D-6725B3C5F2D2}.Debug|x64.Build.0 = Debug|x64
		{67B31C1F-0E57-4A1A-938D-6725B3C5F2D2}.Debug|x86.ActiveCfg = Debug|Win32
		{67B31C1F-0E57-4A1A-938D-6725B3C5F2D2}.Debug|x86.Build.0 = Debug|Win32
		{67B31C1F-0E57-4A1A-938D-6725B3C5F2D2}.Release|x64.ActiveCfg = Release|x64
		{67B31C1F-0E57-4A1A-938D-6725B3C5F2D2}.Release|x64.Build.0 = Release|x64
		{67B31C1F-0E57-4A1A-938D-6725B3C5F2D2}.Release|x86.ActiveCfg = Release|Win32
		{67B31C1F-0E57-4A1A-938D-6725B3C5F2D2}.Release|x86.Build.0 = Release|Win32
		{3CDEBC4C-E450-4BA4-99D0-0D5B38F8DB5A}.Debug|x64.ActiveCfg = Debug|x64
		{3CDEBC4C-E450-4BA4-99D0-0D5B38F8DB5A}.Debug|x64.Build.0 = Debug|x64
		{3CDEBC4C-E450-4BA4-99D0-0D5B38F8DB5A}.Debug|x86.ActiveCfg = Debug|Win32
		{3CDEBC4C-E450-4BA4-99D0-0D5B38F8DB5A}.Debug|x86.Build.0 = Debug|Win32
		{3CDEBC4C-E450-4BA4-99D0-0D5B38F8DB5A}.Release|x64.ActiveCfg = Release|x64
		{3CDEBC4C-E450-4BA4-99D0-0D5B38F8DB5A}.Release|x64.Build.0 = Release|x64
		{3CDEBC4C-E450-4BA4-99D0-0D5B38F8DB5A}.Release|x86.ActiveCfg = Release|Win32
		{3CDEBC4C-E450-4BA4-99D0-0D5B38F8DB5A}.Release|x86.Build.0 = Release|Win32
		{EF6C0774-2843-4835-A58A-25343B3AFB02}.Debug|x64.ActiveCfg = Debug|x64
		{EF6C0774-2843-4835-A58A-25343B3AFB02}.Debug|x64.Build.0 = Debug|x64
		{EF6C0774-2843-4835-A58A-25343B3AFB02}.Debug|x86.ActiveCfg = Debug|Win32
		{EF6C0774-2843-4835-A58A-25343B3AFB02}.Debug|x86.Build.0 = Debug|Win32
		{EF6C0774-2843-4835-A58A-25343B3AFB02}.Release|x64.ActiveCfg = Release|x64
		{EF6C0774-2843-4835-A58A-25343B3AFB02}.Release|x64.Build.0 = Release|x64
		{EF6C0774-2843-4835-A58A-25343B3AFB02}.Release|x86.ActiveCfg = Release|Win32
		{EF6C0774-2843-4835-A58A-25343B3AFB02}.Release|x86.Build.0 = Release|Win32
		{FC7DBFB9-DA75-4DA0-A3D2-DDD223D67799}.Debug|x64.ActiveCfg = Debug|x64
		{FC7DBFB9-DA75-4DA0-A3D2-DDD223D67799}.Debug|x64.Build.0 = Debug|x64
		{FC7DBFB9-DA75-4DA0-A3D2-DDD223D67799}.Debug|x86.ActiveCfg = Debug|Win32
		{FC7DBFB9-DA75-4DA0-A3D2-DDD223D67799}.Debug|x86.Build.0 = Debug|Win32
		{FC7DBFB9-DA75-4DA0-A3D2-DDD223D67799}.Release|x64.ActiveCfg = Release|x64
		{FC7DBFB9-DA75-4DA0-A3D2-DDD223D67799}.Release|x64.Build.0 = Release|x64
		{FC7DBFB9-DA75-4DA0-A3D2-DDD223D67799}.Release|x86.ActiveCfg = Release|Win32
		{FC7DBFB9-DA75-4DA0-A3D2-DDD223D67799}.Release|x86.Build.0 = Release|Win32
		{3EB74F2A-E7DA-49BB-8151-0BEBFA2C849B}.Debug|x64.ActiveCfg = Debug|x64
		{3EB74F2A-E7DA-49BB-8151-0BEBFA2C849B}.Debug|x64.Build.0 = Debug|x64
		{3EB74F2A-E7DA-49BB-8151-0BEBFA2C849B}.Debug|x86.ActiveCfg = Debug|Win32
		{3EB74F2A-E7DA-49BB-8151-0BEBFA2C849B}.Debug|x86.Build.0 = Debug|Win32
		{3EB74F2A-E7DA-49BB-8151-0BEBFA2C849B}.Release|x64.ActiveCfg = Release|x64
		{3EB74F2A-E7DA-49BB-8151-0BEBFA2C849B}.Release|x64.Build.0 = Release|x64
		{3EB74F2A-E7DA-49BB-8151-0BEBFA2C849B}.Release|x86.ActiveCfg = Release|Win32
		{3EB74F2A-E7DA-49BB-8151-0BEBFA2C849B}.Release|x86.Build.0 = Release|Win32
		{A41DFC10-F69E-4D76-9A35-8A582B0004D0}.Debug|x64.ActiveCfg = Debug|x64
		{A41DFC10-F69E-4D76-9A35-8A582B0004D0}.Debug|x64.Build.0 = Debug|x64
		{A41DFC10-F69E-4D76-9A35-8A582B0004D0}.Debug|x86.ActiveCfg = Debug|Win32
		{A41DFC10-F69E-4D76-9A35-8A582B0004D0}.Debug|x86.Build.0 = Debug|Win32
		{A41DFC10-F69E-4D76-9A35-8A582B0004D0}.Release|x64.ActiveCfg = Release|x64
		{A41DFC10-F69E-4D76-9A35-8A582B0004D0}.Release|x64.Build.0 = Release|x64
		{A41DFC10-F69E-4D76-9A35-8A582B0004D0}.Release|x86.ActiveCfg = Release|Win32
		{A41DFC10-F69E-4D76-9A35-8A582B0004D0}.Release|x86.Build.0 = Release|Win32
		{1B481697-AAAD-4B1A-87A4-655371E3BD77}.Debug|x64.ActiveCfg = Debug|x64
		{1B481697-AAAD-4B1A-87A4-655371E3BD77}.Debug|x64.Build.0 = Debug|x64
		{1B481697-AAAD-4B1A-87A4-655371E3BD77}.Debug|x86.ActiveCfg = Debug|Win32
		{1B481697-AAAD-4B1A-87A4-655371E3BD77}.Debug|x86.Build.0 = Debug|Win32
		{1B481697-AAAD-4B1A-87A4-655371E3BD77}.Release|x64.ActiveCfg = Release|x64
		{1B481697-AAAD-4B1A-87A4-655371E3BD77}.Release|x64.Build.0 = Release|x64
		{1B481697-AAAD-4B1A-87A4-655371E3BD77}.Release|x86.ActiveCfg = Release|Win32
		{1B481697-AAAD-4B1A-87A4-655371E3BD77}.Release|x86.Build.0 = Release|Win32
		{D1021BD3-DE88-41D9-86F1-0ACC697CECDF}.Debug|x64.ActiveCfg = Debug|x64
		{D1021BD3-DE88-41D9-86F1-0ACC697CECDF}.Debug|x64.Build.0 = Debug|x64
		{D1021BD3-DE88-41D9-86F1-0ACC697CECDF}.Debug|x86.ActiveCfg = Debug|Win32
		{D1021BD3-DE88-41D9-86F1-0ACC697CECDF}.Debug|x86.Build.0 = Debug|Win32
		{D1021BD3-DE88-41D9-86F1-0ACC697CECDF}.Release|x64.ActiveCfg = Release|x64
		{D1021BD3-DE88-41D9-86F1-0ACC697CECDF}.Release|x64.Build.0 = Release|x64
		{D1021BD3-DE88-41D9-86F1-0ACC697CECDF}.Release|x86.ActiveCfg = Release|Win32
		{D1021BD3-DE88-41D9-86F1-0ACC697CECDF}.Release|x86.Build.0 = Release|Win32
	EndGlobalSection
	GlobalSection(SolutionProperties) = preSolution
		HideSolutionNode = FALSE
	EndGlobalSection
	GlobalSection(ExtensibilityGlobals) = postSolution
		SolutionGuid = {53476E84-45B5-4111-81DB-2D2711C5DDED}
	EndGlobalSection
EndGlobal
