
Microsoft Visual Studio Solution File, Format Version 12.00
# Visual Studio 15
VisualStudioVersion = 15.0.28307.168
MinimumVisualStudioVersion = 10.0.40219.1
Project("{8BC9CEB8-8B4A-11D0-8D11-00A0C91BC942}") = "Chapter9_1", "Chapter9_1\Chapter9_1.vcxproj", "{F99AEA5C-D305-4BD2-9335-556F5479EFD0}"
EndProject
Project("{8BC9CEB8-8B4A-11D0-8D11-00A0C91BC942}") = "Chapter9_2", "Chapter9_2\Chapter9_2.vcxproj", "{04F88001-4279-484B-AB45-8AB70F2D2F07}"
EndProject
Project("{8BC9CEB8-8B4A-11D0-8D11-00A0C91BC942}") = "Chapter9_3", "Chapter9_3\Chapter9_3.vcxproj", "{D20033A1-CDE0-4DA1-957F-8947780EBC36}"
EndProject
Project("{8BC9CEB8-8B4A-11D0-8D11-00A0C91BC942}") = "Chapter9_4", "Chapter9_4\Chapter9_4.vcxproj", "{03591884-7EA0-4642-9384-EE7FDC3BD150}"
EndProject
Project("{8BC9CEB8-8B4A-11D0-8D11-00A0C91BC942}") = "Chapter9_5", "Chapter9_5\Chapter9_5.vcxproj", "{E9102629-5AF5-4C4E-B86B-048264A56575}"
EndProject
Project("{8BC9CEB8-8B4A-11D0-8D11-00A0C91BC942}") = "Chapter9_6", "Chapter9_6\Chapter9_6.vcxproj", "{D8977A6F-C19F-4D21-88E7-16421A05321C}"
EndProject
Project("{8BC9CEB8-8B4A-11D0-8D11-00A0C91BC942}") = "Chapter9_7", "Chapter9_7\Chapter9_7.vcxproj", "{67E70CED-8CD3-481D-8E3D-39BC38CBA2A7}"
EndProject
Project("{8BC9CEB8-8B4A-11D0-8D11-00A0C91BC942}") = "Chapter9_8", "Chapter9_8\Chapter9_8.vcxproj", "{908B95F2-8B9F-4EBB-8904-23CF027A55B7}"
EndProject
Project("{8BC9CEB8-8B4A-11D0-8D11-00A0C91BC942}") = "Chapter9_9", "Chapter9_9\Chapter9_9.vcxproj", "{F1A80F0E-E0DC-49E3-90EE-725E155C8C40}"
EndProject
Project("{8BC9CEB8-8B4A-11D0-8D11-00A0C91BC942}") = "Chapter9_10", "Chapter9_10\Chapter9_10.vcxproj", "{54603C16-8222-4E9B-B016-1376EDDA782F}"
EndProject
Project("{8BC9CEB8-8B4A-11D0-8D11-00A0C91BC942}") = "Chapter9_11", "Chapter9_11\Chapter9_11.vcxproj", "{95153BFE-E1FB-4D6A-A83C-6118ED48EBD5}"
EndProject
Project("{8BC9CEB8-8B4A-11D0-8D11-00A0C91BC942}") = "Chapter9_12", "Chapter9_12\Chapter9_12.vcxproj", "{1AE77E59-92D5-4F8F-87B2-19918016F5FD}"
EndProject
Global
	GlobalSection(SolutionConfigurationPlatforms) = preSolution
		Debug|x64 = Debug|x64
		Debug|x86 = Debug|x86
		Release|x64 = Release|x64
		Release|x86 = Release|x86
	EndGlobalSection
	GlobalSection(ProjectConfigurationPlatforms) = postSolution
		{F99AEA5C-D305-4BD2-9335-556F5479EFD0}.Debug|x64.ActiveCfg = Debug|x64
		{F99AEA5C-D305-4BD2-9335-556F5479EFD0}.Debug|x64.Build.0 = Debug|x64
		{F99AEA5C-D305-4BD2-9335-556F5479EFD0}.Debug|x86.ActiveCfg = Debug|Win32
		{F99AEA5C-D305-4BD2-9335-556F5479EFD0}.Debug|x86.Build.0 = Debug|Win32
		{F99AEA5C-D305-4BD2-9335-556F5479EFD0}.Release|x64.ActiveCfg = Release|x64
		{F99AEA5C-D305-4BD2-9335-556F5479EFD0}.Release|x64.Build.0 = Release|x64
		{F99AEA5C-D305-4BD2-9335-556F5479EFD0}.Release|x86.ActiveCfg = Release|Win32
		{F99AEA5C-D305-4BD2-9335-556F5479EFD0}.Release|x86.Build.0 = Release|Win32
		{04F88001-4279-484B-AB45-8AB70F2D2F07}.Debug|x64.ActiveCfg = Debug|x64
		{04F88001-4279-484B-AB45-8AB70F2D2F07}.Debug|x64.Build.0 = Debug|x64
		{04F88001-4279-484B-AB45-8AB70F2D2F07}.Debug|x86.ActiveCfg = Debug|Win32
		{04F88001-4279-484B-AB45-8AB70F2D2F07}.Debug|x86.Build.0 = Debug|Win32
		{04F88001-4279-484B-AB45-8AB70F2D2F07}.Release|x64.ActiveCfg = Release|x64
		{04F88001-4279-484B-AB45-8AB70F2D2F07}.Release|x64.Build.0 = Release|x64
		{04F88001-4279-484B-AB45-8AB70F2D2F07}.Release|x86.ActiveCfg = Release|Win32
		{04F88001-4279-484B-AB45-8AB70F2D2F07}.Release|x86.Build.0 = Release|Win32
		{D20033A1-CDE0-4DA1-957F-8947780EBC36}.Debug|x64.ActiveCfg = Debug|x64
		{D20033A1-CDE0-4DA1-957F-8947780EBC36}.Debug|x64.Build.0 = Debug|x64
		{D20033A1-CDE0-4DA1-957F-8947780EBC36}.Debug|x86.ActiveCfg = Debug|Win32
		{D20033A1-CDE0-4DA1-957F-8947780EBC36}.Debug|x86.Build.0 = Debug|Win32
		{D20033A1-CDE0-4DA1-957F-8947780EBC36}.Release|x64.ActiveCfg = Release|x64
		{D20033A1-CDE0-4DA1-957F-8947780EBC36}.Release|x64.Build.0 = Release|x64
		{D20033A1-CDE0-4DA1-957F-8947780EBC36}.Release|x86.ActiveCfg = Release|Win32
		{D20033A1-CDE0-4DA1-957F-8947780EBC36}.Release|x86.Build.0 = Release|Win32
		{03591884-7EA0-4642-9384-EE7FDC3BD150}.Debug|x64.ActiveCfg = Debug|x64
		{03591884-7EA0-4642-9384-EE7FDC3BD150}.Debug|x64.Build.0 = Debug|x64
		{03591884-7EA0-4642-9384-EE7FDC3BD150}.Debug|x86.ActiveCfg = Debug|Win32
		{03591884-7EA0-4642-9384-EE7FDC3BD150}.Debug|x86.Build.0 = Debug|Win32
		{03591884-7EA0-4642-9384-EE7FDC3BD150}.Release|x64.ActiveCfg = Release|x64
		{03591884-7EA0-4642-9384-EE7FDC3BD150}.Release|x64.Build.0 = Release|x64
		{03591884-7EA0-4642-9384-EE7FDC3BD150}.Release|x86.ActiveCfg = Release|Win32
		{03591884-7EA0-4642-9384-EE7FDC3BD150}.Release|x86.Build.0 = Release|Win32
		{E9102629-5AF5-4C4E-B86B-048264A56575}.Debug|x64.ActiveCfg = Debug|x64
		{E9102629-5AF5-4C4E-B86B-048264A56575}.Debug|x64.Build.0 = Debug|x64
		{E9102629-5AF5-4C4E-B86B-048264A56575}.Debug|x86.ActiveCfg = Debug|Win32
		{E9102629-5AF5-4C4E-B86B-048264A56575}.Debug|x86.Build.0 = Debug|Win32
		{E9102629-5AF5-4C4E-B86B-048264A56575}.Release|x64.ActiveCfg = Release|x64
		{E9102629-5AF5-4C4E-B86B-048264A56575}.Release|x64.Build.0 = Release|x64
		{E9102629-5AF5-4C4E-B86B-048264A56575}.Release|x86.ActiveCfg = Release|Win32
		{E9102629-5AF5-4C4E-B86B-048264A56575}.Release|x86.Build.0 = Release|Win32
		{D8977A6F-C19F-4D21-88E7-16421A05321C}.Debug|x64.ActiveCfg = Debug|x64
		{D8977A6F-C19F-4D21-88E7-16421A05321C}.Debug|x64.Build.0 = Debug|x64
		{D8977A6F-C19F-4D21-88E7-16421A05321C}.Debug|x86.ActiveCfg = Debug|Win32
		{D8977A6F-C19F-4D21-88E7-16421A05321C}.Debug|x86.Build.0 = Debug|Win32
		{D8977A6F-C19F-4D21-88E7-16421A05321C}.Release|x64.ActiveCfg = Release|x64
		{D8977A6F-C19F-4D21-88E7-16421A05321C}.Release|x64.Build.0 = Release|x64
		{D8977A6F-C19F-4D21-88E7-16421A05321C}.Release|x86.ActiveCfg = Release|Win32
		{D8977A6F-C19F-4D21-88E7-16421A05321C}.Release|x86.Build.0 = Release|Win32
		{67E70CED-8CD3-481D-8E3D-39BC38CBA2A7}.Debug|x64.ActiveCfg = Debug|x64
		{67E70CED-8CD3-481D-8E3D-39BC38CBA2A7}.Debug|x64.Build.0 = Debug|x64
		{67E70CED-8CD3-481D-8E3D-39BC38CBA2A7}.Debug|x86.ActiveCfg = Debug|Win32
		{67E70CED-8CD3-481D-8E3D-39BC38CBA2A7}.Debug|x86.Build.0 = Debug|Win32
		{67E70CED-8CD3-481D-8E3D-39BC38CBA2A7}.Release|x64.ActiveCfg = Release|x64
		{67E70CED-8CD3-481D-8E3D-39BC38CBA2A7}.Release|x64.Build.0 = Release|x64
		{67E70CED-8CD3-481D-8E3D-39BC38CBA2A7}.Release|x86.ActiveCfg = Release|Win32
		{67E70CED-8CD3-481D-8E3D-39BC38CBA2A7}.Release|x86.Build.0 = Release|Win32
		{908B95F2-8B9F-4EBB-8904-23CF027A55B7}.Debug|x64.ActiveCfg = Debug|x64
		{908B95F2-8B9F-4EBB-8904-23CF027A55B7}.Debug|x64.Build.0 = Debug|x64
		{908B95F2-8B9F-4EBB-8904-23CF027A55B7}.Debug|x86.ActiveCfg = Debug|Win32
		{908B95F2-8B9F-4EBB-8904-23CF027A55B7}.Debug|x86.Build.0 = Debug|Win32
		{908B95F2-8B9F-4EBB-8904-23CF027A55B7}.Release|x64.ActiveCfg = Release|x64
		{908B95F2-8B9F-4EBB-8904-23CF027A55B7}.Release|x64.Build.0 = Release|x64
		{908B95F2-8B9F-4EBB-8904-23CF027A55B7}.Release|x86.ActiveCfg = Release|Win32
		{908B95F2-8B9F-4EBB-8904-23CF027A55B7}.Release|x86.Build.0 = Release|Win32
		{F1A80F0E-E0DC-49E3-90EE-725E155C8C40}.Debug|x64.ActiveCfg = Debug|x64
		{F1A80F0E-E0DC-49E3-90EE-725E155C8C40}.Debug|x64.Build.0 = Debug|x64
		{F1A80F0E-E0DC-49E3-90EE-725E155C8C40}.Debug|x86.ActiveCfg = Debug|Win32
		{F1A80F0E-E0DC-49E3-90EE-725E155C8C40}.Debug|x86.Build.0 = Debug|Win32
		{F1A80F0E-E0DC-49E3-90EE-725E155C8C40}.Release|x64.ActiveCfg = Release|x64
		{F1A80F0E-E0DC-49E3-90EE-725E155C8C40}.Release|x64.Build.0 = Release|x64
		{F1A80F0E-E0DC-49E3-90EE-725E155C8C40}.Release|x86.ActiveCfg = Release|Win32
		{F1A80F0E-E0DC-49E3-90EE-725E155C8C40}.Release|x86.Build.0 = Release|Win32
		{54603C16-8222-4E9B-B016-1376EDDA782F}.Debug|x64.ActiveCfg = Debug|x64
		{54603C16-8222-4E9B-B016-1376EDDA782F}.Debug|x64.Build.0 = Debug|x64
		{54603C16-8222-4E9B-B016-1376EDDA782F}.Debug|x86.ActiveCfg = Debug|Win32
		{54603C16-8222-4E9B-B016-1376EDDA782F}.Debug|x86.Build.0 = Debug|Win32
		{54603C16-8222-4E9B-B016-1376EDDA782F}.Release|x64.ActiveCfg = Release|x64
		{54603C16-8222-4E9B-B016-1376EDDA782F}.Release|x64.Build.0 = Release|x64
		{54603C16-8222-4E9B-B016-1376EDDA782F}.Release|x86.ActiveCfg = Release|Win32
		{54603C16-8222-4E9B-B016-1376EDDA782F}.Release|x86.Build.0 = Release|Win32
		{95153BFE-E1FB-4D6A-A83C-6118ED48EBD5}.Debug|x64.ActiveCfg = Debug|x64
		{95153BFE-E1FB-4D6A-A83C-6118ED48EBD5}.Debug|x64.Build.0 = Debug|x64
		{95153BFE-E1FB-4D6A-A83C-6118ED48EBD5}.Debug|x86.ActiveCfg = Debug|Win32
		{95153BFE-E1FB-4D6A-A83C-6118ED48EBD5}.Debug|x86.Build.0 = Debug|Win32
		{95153BFE-E1FB-4D6A-A83C-6118ED48EBD5}.Release|x64.ActiveCfg = Release|x64
		{95153BFE-E1FB-4D6A-A83C-6118ED48EBD5}.Release|x64.Build.0 = Release|x64
		{95153BFE-E1FB-4D6A-A83C-6118ED48EBD5}.Release|x86.ActiveCfg = Release|Win32
		{95153BFE-E1FB-4D6A-A83C-6118ED48EBD5}.Release|x86.Build.0 = Release|Win32
		{1AE77E59-92D5-4F8F-87B2-19918016F5FD}.Debug|x64.ActiveCfg = Debug|x64
		{1AE77E59-92D5-4F8F-87B2-19918016F5FD}.Debug|x64.Build.0 = Debug|x64
		{1AE77E59-92D5-4F8F-87B2-19918016F5FD}.Debug|x86.ActiveCfg = Debug|Win32
		{1AE77E59-92D5-4F8F-87B2-19918016F5FD}.Debug|x86.Build.0 = Debug|Win32
		{1AE77E59-92D5-4F8F-87B2-19918016F5FD}.Release|x64.ActiveCfg = Release|x64
		{1AE77E59-92D5-4F8F-87B2-19918016F5FD}.Release|x64.Build.0 = Release|x64
		{1AE77E59-92D5-4F8F-87B2-19918016F5FD}.Release|x86.ActiveCfg = Release|Win32
		{1AE77E59-92D5-4F8F-87B2-19918016F5FD}.Release|x86.Build.0 = Release|Win32
	EndGlobalSection
	GlobalSection(SolutionProperties) = preSolution
		HideSolutionNode = FALSE
	EndGlobalSection
	GlobalSection(ExtensibilityGlobals) = postSolution
		SolutionGuid = {DB9A1EE2-300C-4EE2-AEFF-2525A72550A0}
	EndGlobalSection
EndGlobal
