
Microsoft Visual Studio Solution File, Format Version 12.00
# Visual Studio 15
VisualStudioVersion = 15.0.28307.168
MinimumVisualStudioVersion = 10.0.40219.1
Project("{8BC9CEB8-8B4A-11D0-8D11-00A0C91BC942}") = "Chapter6_1", "Chapter6_1\Chapter6_1.vcxproj", "{B2778230-5B93-4737-9899-A3028645B727}"
EndProject
Project("{8BC9CEB8-8B4A-11D0-8D11-00A0C91BC942}") = "Chapter6_2", "Chapter6_2\Chapter6_2.vcxproj", "{34E82C99-8A98-42C0-BFC6-33D624BC8170}"
EndProject
Project("{8BC9CEB8-8B4A-11D0-8D11-00A0C91BC942}") = "Chapter6_3", "Chapter6_3\Chapter6_3.vcxproj", "{F5F19E03-DD4A-4229-A847-AC8366E2B069}"
EndProject
Project("{8BC9CEB8-8B4A-11D0-8D11-00A0C91BC942}") = "Chapter6_4", "Chapter6_4\Chapter6_4.vcxproj", "{AD7BBB63-DE70-49E9-ABDB-A2DA9450FD35}"
EndProject
Project("{8BC9CEB8-8B4A-11D0-8D11-00A0C91BC942}") = "Chapter6_5", "Chapter6_5\Chapter6_5.vcxproj", "{08B3493C-58AF-4742-9FB5-E496B8215AF6}"
EndProject
Project("{8BC9CEB8-8B4A-11D0-8D11-00A0C91BC942}") = "Chapter6_6", "Chapter6_6\Chapter6_6.vcxproj", "{0FEFD1E8-E456-4157-8EA7-761083E86F3C}"
EndProject
Project("{8BC9CEB8-8B4A-11D0-8D11-00A0C91BC942}") = "Chapter6_7", "Chapter6_7\Chapter6_7.vcxproj", "{8A020CAB-91CF-469E-ACA8-EC5B956786E2}"
EndProject
Project("{8BC9CEB8-8B4A-11D0-8D11-00A0C91BC942}") = "Chapter6_8", "Chapter6_8\Chapter6_8.vcxproj", "{573DCF93-BB29-4443-975D-E8A969EB7704}"
EndProject
Project("{8BC9CEB8-8B4A-11D0-8D11-00A0C91BC942}") = "Chapter6_9", "Chapter6_9\Chapter6_9.vcxproj", "{60C3C65D-204C-49BA-8E53-4E60D02AC1A2}"
EndProject
Project("{8BC9CEB8-8B4A-11D0-8D11-00A0C91BC942}") = "Chapter6_7a", "Chapter6_7a\Chapter6_7a.vcxproj", "{E0586B61-45AC-4002-B317-76D059AE4F60}"
EndProject
Project("{8BC9CEB8-8B4A-11D0-8D11-00A0C91BC942}") = "Chapter6_10", "Chapter6_10\Chapter6_10.vcxproj", "{FC404255-062A-4C63-9A75-8B98F407224C}"
EndProject
Project("{8BC9CEB8-8B4A-11D0-8D11-00A0C91BC942}") = "Chapter6_11", "Chapter6_11\Chapter6_11.vcxproj", "{C010047C-37AD-4A79-BB62-4DDEF764FC4D}"
EndProject
Project("{8BC9CEB8-8B4A-11D0-8D11-00A0C91BC942}") = "Chapter6_12", "Chapter6_12\Chapter6_12.vcxproj", "{8053614C-8073-4AD3-A767-B1E30BB8C352}"
EndProject
Project("{8BC9CEB8-8B4A-11D0-8D11-00A0C91BC942}") = "Chapter6_13", "Chapter6_13\Chapter6_13.vcxproj", "{B93F343A-73B6-45C7-92AC-F4F616477C41}"
EndProject
Project("{8BC9CEB8-8B4A-11D0-8D11-00A0C91BC942}") = "Chapter6_14", "Chapter6_14\Chapter6_14.vcxproj", "{E35B21BB-DF66-4DBE-988D-1AFE0AAC7A0E}"
EndProject
Project("{8BC9CEB8-8B4A-11D0-8D11-00A0C91BC942}") = "Chapter6_15", "Chapter6_15\Chapter6_15.vcxproj", "{8B194EE0-E332-4924-85E1-43E8F71AE6EF}"
EndProject
Project("{8BC9CEB8-8B4A-11D0-8D11-00A0C91BC942}") = "Chapter6_16", "Chapter6_16\Chapter6_16.vcxproj", "{984566B4-D7AC-4644-85CE-A38F40C475E5}"
EndProject
Project("{8BC9CEB8-8B4A-11D0-8D11-00A0C91BC942}") = "Chapter6_17", "Chapter6_17\Chapter6_17.vcxproj", "{1781B80C-5F9F-43E9-8BE9-638BD8BF6E22}"
EndProject
Project("{8BC9CEB8-8B4A-11D0-8D11-00A0C91BC942}") = "Chapter6_18", "Chapter6_18\Chapter6_18.vcxproj", "{3E5AE50A-60C0-41A6-88D4-5B5B08859181}"
EndProject
Project("{8BC9CEB8-8B4A-11D0-8D11-00A0C91BC942}") = "Chapter6_19", "Chapter6_19\Chapter6_19.vcxproj", "{28CD3E92-CA9D-4DBA-9DC7-7264341F6A50}"
EndProject
Project("{8BC9CEB8-8B4A-11D0-8D11-00A0C91BC942}") = "Chapter6_20", "Chapter6_20\Chapter6_20.vcxproj", "{35CA344D-72DC-4CFA-A101-12C30F607FE5}"
EndProject
Project("{8BC9CEB8-8B4A-11D0-8D11-00A0C91BC942}") = "Chapter6_21", "Chapter6_21\Chapter6_21.vcxproj", "{0036C13B-25BC-4F11-96C1-997C3CC56E45}"
EndProject
Global
	GlobalSection(SolutionConfigurationPlatforms) = preSolution
		Debug|x64 = Debug|x64
		Debug|x86 = Debug|x86
		Release|x64 = Release|x64
		Release|x86 = Release|x86
	EndGlobalSection
	GlobalSection(ProjectConfigurationPlatforms) = postSolution
		{B2778230-5B93-4737-9899-A3028645B727}.Debug|x64.ActiveCfg = Debug|x64
		{B2778230-5B93-4737-9899-A3028645B727}.Debug|x64.Build.0 = Debug|x64
		{B2778230-5B93-4737-9899-A3028645B727}.Debug|x86.ActiveCfg = Debug|Win32
		{B2778230-5B93-4737-9899-A3028645B727}.Debug|x86.Build.0 = Debug|Win32
		{B2778230-5B93-4737-9899-A3028645B727}.Release|x64.ActiveCfg = Release|x64
		{B2778230-5B93-4737-9899-A3028645B727}.Release|x64.Build.0 = Release|x64
		{B2778230-5B93-4737-9899-A3028645B727}.Release|x86.ActiveCfg = Release|Win32
		{B2778230-5B93-4737-9899-A3028645B727}.Release|x86.Build.0 = Release|Win32
		{34E82C99-8A98-42C0-BFC6-33D624BC8170}.Debug|x64.ActiveCfg = Debug|x64
		{34E82C99-8A98-42C0-BFC6-33D624BC8170}.Debug|x64.Build.0 = Debug|x64
		{34E82C99-8A98-42C0-BFC6-33D624BC8170}.Debug|x86.ActiveCfg = Debug|Win32
		{34E82C99-8A98-42C0-BFC6-33D624BC8170}.Debug|x86.Build.0 = Debug|Win32
		{34E82C99-8A98-42C0-BFC6-33D624BC8170}.Release|x64.ActiveCfg = Release|x64
		{34E82C99-8A98-42C0-BFC6-33D624BC8170}.Release|x64.Build.0 = Release|x64
		{34E82C99-8A98-42C0-BFC6-33D624BC8170}.Release|x86.ActiveCfg = Release|Win32
		{34E82C99-8A98-42C0-BFC6-33D624BC8170}.Release|x86.Build.0 = Release|Win32
		{F5F19E03-DD4A-4229-A847-AC8366E2B069}.Debug|x64.ActiveCfg = Debug|x64
		{F5F19E03-DD4A-4229-A847-AC8366E2B069}.Debug|x64.Build.0 = Debug|x64
		{F5F19E03-DD4A-4229-A847-AC8366E2B069}.Debug|x86.ActiveCfg = Debug|Win32
		{F5F19E03-DD4A-4229-A847-AC8366E2B069}.Debug|x86.Build.0 = Debug|Win32
		{F5F19E03-DD4A-4229-A847-AC8366E2B069}.Release|x64.ActiveCfg = Release|x64
		{F5F19E03-DD4A-4229-A847-AC8366E2B069}.Release|x64.Build.0 = Release|x64
		{F5F19E03-DD4A-4229-A847-AC8366E2B069}.Release|x86.ActiveCfg = Release|Win32
		{F5F19E03-DD4A-4229-A847-AC8366E2B069}.Release|x86.Build.0 = Release|Win32
		{AD7BBB63-DE70-49E9-ABDB-A2DA9450FD35}.Debug|x64.ActiveCfg = Debug|x64
		{AD7BBB63-DE70-49E9-ABDB-A2DA9450FD35}.Debug|x64.Build.0 = Debug|x64
		{AD7BBB63-DE70-49E9-ABDB-A2DA9450FD35}.Debug|x86.ActiveCfg = Debug|Win32
		{AD7BBB63-DE70-49E9-ABDB-A2DA9450FD35}.Debug|x86.Build.0 = Debug|Win32
		{AD7BBB63-DE70-49E9-ABDB-A2DA9450FD35}.Release|x64.ActiveCfg = Release|x64
		{AD7BBB63-DE70-49E9-ABDB-A2DA9450FD35}.Release|x64.Build.0 = Release|x64
		{AD7BBB63-DE70-49E9-ABDB-A2DA9450FD35}.Release|x86.ActiveCfg = Release|Win32
		{AD7BBB63-DE70-49E9-ABDB-A2DA9450FD35}.Release|x86.Build.0 = Release|Win32
		{08B3493C-58AF-4742-9FB5-E496B8215AF6}.Debug|x64.ActiveCfg = Debug|x64
		{08B3493C-58AF-4742-9FB5-E496B8215AF6}.Debug|x64.Build.0 = Debug|x64
		{08B3493C-58AF-4742-9FB5-E496B8215AF6}.Debug|x86.ActiveCfg = Debug|Win32
		{08B3493C-58AF-4742-9FB5-E496B8215AF6}.Debug|x86.Build.0 = Debug|Win32
		{08B3493C-58AF-4742-9FB5-E496B8215AF6}.Release|x64.ActiveCfg = Release|x64
		{08B3493C-58AF-4742-9FB5-E496B8215AF6}.Release|x64.Build.0 = Release|x64
		{08B3493C-58AF-4742-9FB5-E496B8215AF6}.Release|x86.ActiveCfg = Release|Win32
		{08B3493C-58AF-4742-9FB5-E496B8215AF6}.Release|x86.Build.0 = Release|Win32
		{0FEFD1E8-E456-4157-8EA7-761083E86F3C}.Debug|x64.ActiveCfg = Debug|x64
		{0FEFD1E8-E456-4157-8EA7-761083E86F3C}.Debug|x64.Build.0 = Debug|x64
		{0FEFD1E8-E456-4157-8EA7-761083E86F3C}.Debug|x86.ActiveCfg = Debug|Win32
		{0FEFD1E8-E456-4157-8EA7-761083E86F3C}.Debug|x86.Build.0 = Debug|Win32
		{0FEFD1E8-E456-4157-8EA7-761083E86F3C}.Release|x64.ActiveCfg = Release|x64
		{0FEFD1E8-E456-4157-8EA7-761083E86F3C}.Release|x64.Build.0 = Release|x64
		{0FEFD1E8-E456-4157-8EA7-761083E86F3C}.Release|x86.ActiveCfg = Release|Win32
		{0FEFD1E8-E456-4157-8EA7-761083E86F3C}.Release|x86.Build.0 = Release|Win32
		{8A020CAB-91CF-469E-ACA8-EC5B956786E2}.Debug|x64.ActiveCfg = Debug|x64
		{8A020CAB-91CF-469E-ACA8-EC5B956786E2}.Debug|x64.Build.0 = Debug|x64
		{8A020CAB-91CF-469E-ACA8-EC5B956786E2}.Debug|x86.ActiveCfg = Debug|Win32
		{8A020CAB-91CF-469E-ACA8-EC5B956786E2}.Debug|x86.Build.0 = Debug|Win32
		{8A020CAB-91CF-469E-ACA8-EC5B956786E2}.Release|x64.ActiveCfg = Release|x64
		{8A020CAB-91CF-469E-ACA8-EC5B956786E2}.Release|x64.Build.0 = Release|x64
		{8A020CAB-91CF-469E-ACA8-EC5B956786E2}.Release|x86.ActiveCfg = Release|Win32
		{8A020CAB-91CF-469E-ACA8-EC5B956786E2}.Release|x86.Build.0 = Release|Win32
		{573DCF93-BB29-4443-975D-E8A969EB7704}.Debug|x64.ActiveCfg = Debug|x64
		{573DCF93-BB29-4443-975D-E8A969EB7704}.Debug|x64.Build.0 = Debug|x64
		{573DCF93-BB29-4443-975D-E8A969EB7704}.Debug|x86.ActiveCfg = Debug|Win32
		{573DCF93-BB29-4443-975D-E8A969EB7704}.Debug|x86.Build.0 = Debug|Win32
		{573DCF93-BB29-4443-975D-E8A969EB7704}.Release|x64.ActiveCfg = Release|x64
		{573DCF93-BB29-4443-975D-E8A969EB7704}.Release|x64.Build.0 = Release|x64
		{573DCF93-BB29-4443-975D-E8A969EB7704}.Release|x86.ActiveCfg = Release|Win32
		{573DCF93-BB29-4443-975D-E8A969EB7704}.Release|x86.Build.0 = Release|Win32
		{60C3C65D-204C-49BA-8E53-4E60D02AC1A2}.Debug|x64.ActiveCfg = Debug|x64
		{60C3C65D-204C-49BA-8E53-4E60D02AC1A2}.Debug|x64.Build.0 = Debug|x64
		{60C3C65D-204C-49BA-8E53-4E60D02AC1A2}.Debug|x86.ActiveCfg = Debug|Win32
		{60C3C65D-204C-49BA-8E53-4E60D02AC1A2}.Debug|x86.Build.0 = Debug|Win32
		{60C3C65D-204C-49BA-8E53-4E60D02AC1A2}.Release|x64.ActiveCfg = Release|x64
		{60C3C65D-204C-49BA-8E53-4E60D02AC1A2}.Release|x64.Build.0 = Release|x64
		{60C3C65D-204C-49BA-8E53-4E60D02AC1A2}.Release|x86.ActiveCfg = Release|Win32
		{60C3C65D-204C-49BA-8E53-4E60D02AC1A2}.Release|x86.Build.0 = Release|Win32
		{E0586B61-45AC-4002-B317-76D059AE4F60}.Debug|x64.ActiveCfg = Debug|x64
		{E0586B61-45AC-4002-B317-76D059AE4F60}.Debug|x64.Build.0 = Debug|x64
		{E0586B61-45AC-4002-B317-76D059AE4F60}.Debug|x86.ActiveCfg = Debug|Win32
		{E0586B61-45AC-4002-B317-76D059AE4F60}.Debug|x86.Build.0 = Debug|Win32
		{E0586B61-45AC-4002-B317-76D059AE4F60}.Release|x64.ActiveCfg = Release|x64
		{E0586B61-45AC-4002-B317-76D059AE4F60}.Release|x64.Build.0 = Release|x64
		{E0586B61-45AC-4002-B317-76D059AE4F60}.Release|x86.ActiveCfg = Release|Win32
		{E0586B61-45AC-4002-B317-76D059AE4F60}.Release|x86.Build.0 = Release|Win32
		{FC404255-062A-4C63-9A75-8B98F407224C}.Debug|x64.ActiveCfg = Debug|x64
		{FC404255-062A-4C63-9A75-8B98F407224C}.Debug|x64.Build.0 = Debug|x64
		{FC404255-062A-4C63-9A75-8B98F407224C}.Debug|x86.ActiveCfg = Debug|Win32
		{FC404255-062A-4C63-9A75-8B98F407224C}.Debug|x86.Build.0 = Debug|Win32
		{FC404255-062A-4C63-9A75-8B98F407224C}.Release|x64.ActiveCfg = Release|x64
		{FC404255-062A-4C63-9A75-8B98F407224C}.Release|x64.Build.0 = Release|x64
		{FC404255-062A-4C63-9A75-8B98F407224C}.Release|x86.ActiveCfg = Release|Win32
		{FC404255-062A-4C63-9A75-8B98F407224C}.Release|x86.Build.0 = Release|Win32
		{C010047C-37AD-4A79-BB62-4DDEF764FC4D}.Debug|x64.ActiveCfg = Debug|x64
		{C010047C-37AD-4A79-BB62-4DDEF764FC4D}.Debug|x64.Build.0 = Debug|x64
		{C010047C-37AD-4A79-BB62-4DDEF764FC4D}.Debug|x86.ActiveCfg = Debug|Win32
		{C010047C-37AD-4A79-BB62-4DDEF764FC4D}.Debug|x86.Build.0 = Debug|Win32
		{C010047C-37AD-4A79-BB62-4DDEF764FC4D}.Release|x64.ActiveCfg = Release|x64
		{C010047C-37AD-4A79-BB62-4DDEF764FC4D}.Release|x64.Build.0 = Release|x64
		{C010047C-37AD-4A79-BB62-4DDEF764FC4D}.Release|x86.ActiveCfg = Release|Win32
		{C010047C-37AD-4A79-BB62-4DDEF764FC4D}.Release|x86.Build.0 = Release|Win32
		{8053614C-8073-4AD3-A767-B1E30BB8C352}.Debug|x64.ActiveCfg = Debug|x64
		{8053614C-8073-4AD3-A767-B1E30BB8C352}.Debug|x64.Build.0 = Debug|x64
		{8053614C-8073-4AD3-A767-B1E30BB8C352}.Debug|x86.ActiveCfg = Debug|Win32
		{8053614C-8073-4AD3-A767-B1E30BB8C352}.Debug|x86.Build.0 = Debug|Win32
		{8053614C-8073-4AD3-A767-B1E30BB8C352}.Release|x64.ActiveCfg = Release|x64
		{8053614C-8073-4AD3-A767-B1E30BB8C352}.Release|x64.Build.0 = Release|x64
		{8053614C-8073-4AD3-A767-B1E30BB8C352}.Release|x86.ActiveCfg = Release|Win32
		{8053614C-8073-4AD3-A767-B1E30BB8C352}.Release|x86.Build.0 = Release|Win32
		{B93F343A-73B6-45C7-92AC-F4F616477C41}.Debug|x64.ActiveCfg = Debug|x64
		{B93F343A-73B6-45C7-92AC-F4F616477C41}.Debug|x64.Build.0 = Debug|x64
		{B93F343A-73B6-45C7-92AC-F4F616477C41}.Debug|x86.ActiveCfg = Debug|Win32
		{B93F343A-73B6-45C7-92AC-F4F616477C41}.Debug|x86.Build.0 = Debug|Win32
		{B93F343A-73B6-45C7-92AC-F4F616477C41}.Release|x64.ActiveCfg = Release|x64
		{B93F343A-73B6-45C7-92AC-F4F616477C41}.Release|x64.Build.0 = Release|x64
		{B93F343A-73B6-45C7-92AC-F4F616477C41}.Release|x86.ActiveCfg = Release|Win32
		{B93F343A-73B6-45C7-92AC-F4F616477C41}.Release|x86.Build.0 = Release|Win32
		{E35B21BB-DF66-4DBE-988D-1AFE0AAC7A0E}.Debug|x64.ActiveCfg = Debug|x64
		{E35B21BB-DF66-4DBE-988D-1AFE0AAC7A0E}.Debug|x64.Build.0 = Debug|x64
		{E35B21BB-DF66-4DBE-988D-1AFE0AAC7A0E}.Debug|x86.ActiveCfg = Debug|Win32
		{E35B21BB-DF66-4DBE-988D-1AFE0AAC7A0E}.Debug|x86.Build.0 = Debug|Win32
		{E35B21BB-DF66-4DBE-988D-1AFE0AAC7A0E}.Release|x64.ActiveCfg = Release|x64
		{E35B21BB-DF66-4DBE-988D-1AFE0AAC7A0E}.Release|x64.Build.0 = Release|x64
		{E35B21BB-DF66-4DBE-988D-1AFE0AAC7A0E}.Release|x86.ActiveCfg = Release|Win32
		{E35B21BB-DF66-4DBE-988D-1AFE0AAC7A0E}.Release|x86.Build.0 = Release|Win32
		{8B194EE0-E332-4924-85E1-43E8F71AE6EF}.Debug|x64.ActiveCfg = Debug|x64
		{8B194EE0-E332-4924-85E1-43E8F71AE6EF}.Debug|x64.Build.0 = Debug|x64
		{8B194EE0-E332-4924-85E1-43E8F71AE6EF}.Debug|x86.ActiveCfg = Debug|Win32
		{8B194EE0-E332-4924-85E1-43E8F71AE6EF}.Debug|x86.Build.0 = Debug|Win32
		{8B194EE0-E332-4924-85E1-43E8F71AE6EF}.Release|x64.ActiveCfg = Release|x64
		{8B194EE0-E332-4924-85E1-43E8F71AE6EF}.Release|x64.Build.0 = Release|x64
		{8B194EE0-E332-4924-85E1-43E8F71AE6EF}.Release|x86.ActiveCfg = Release|Win32
		{8B194EE0-E332-4924-85E1-43E8F71AE6EF}.Release|x86.Build.0 = Release|Win32
		{984566B4-D7AC-4644-85CE-A38F40C475E5}.Debug|x64.ActiveCfg = Debug|x64
		{984566B4-D7AC-4644-85CE-A38F40C475E5}.Debug|x64.Build.0 = Debug|x64
		{984566B4-D7AC-4644-85CE-A38F40C475E5}.Debug|x86.ActiveCfg = Debug|Win32
		{984566B4-D7AC-4644-85CE-A38F40C475E5}.Debug|x86.Build.0 = Debug|Win32
		{984566B4-D7AC-4644-85CE-A38F40C475E5}.Release|x64.ActiveCfg = Release|x64
		{984566B4-D7AC-4644-85CE-A38F40C475E5}.Release|x64.Build.0 = Release|x64
		{984566B4-D7AC-4644-85CE-A38F40C475E5}.Release|x86.ActiveCfg = Release|Win32
		{984566B4-D7AC-4644-85CE-A38F40C475E5}.Release|x86.Build.0 = Release|Win32
		{1781B80C-5F9F-43E9-8BE9-638BD8BF6E22}.Debug|x64.ActiveCfg = Debug|x64
		{1781B80C-5F9F-43E9-8BE9-638BD8BF6E22}.Debug|x64.Build.0 = Debug|x64
		{1781B80C-5F9F-43E9-8BE9-638BD8BF6E22}.Debug|x86.ActiveCfg = Debug|Win32
		{1781B80C-5F9F-43E9-8BE9-638BD8BF6E22}.Debug|x86.Build.0 = Debug|Win32
		{1781B80C-5F9F-43E9-8BE9-638BD8BF6E22}.Release|x64.ActiveCfg = Release|x64
		{1781B80C-5F9F-43E9-8BE9-638BD8BF6E22}.Release|x64.Build.0 = Release|x64
		{1781B80C-5F9F-43E9-8BE9-638BD8BF6E22}.Release|x86.ActiveCfg = Release|Win32
		{1781B80C-5F9F-43E9-8BE9-638BD8BF6E22}.Release|x86.Build.0 = Release|Win32
		{3E5AE50A-60C0-41A6-88D4-5B5B08859181}.Debug|x64.ActiveCfg = Debug|x64
		{3E5AE50A-60C0-41A6-88D4-5B5B08859181}.Debug|x64.Build.0 = Debug|x64
		{3E5AE50A-60C0-41A6-88D4-5B5B08859181}.Debug|x86.ActiveCfg = Debug|Win32
		{3E5AE50A-60C0-41A6-88D4-5B5B08859181}.Debug|x86.Build.0 = Debug|Win32
		{3E5AE50A-60C0-41A6-88D4-5B5B08859181}.Release|x64.ActiveCfg = Release|x64
		{3E5AE50A-60C0-41A6-88D4-5B5B08859181}.Release|x64.Build.0 = Release|x64
		{3E5AE50A-60C0-41A6-88D4-5B5B08859181}.Release|x86.ActiveCfg = Release|Win32
		{3E5AE50A-60C0-41A6-88D4-5B5B08859181}.Release|x86.Build.0 = Release|Win32
		{28CD3E92-CA9D-4DBA-9DC7-7264341F6A50}.Debug|x64.ActiveCfg = Debug|x64
		{28CD3E92-CA9D-4DBA-9DC7-7264341F6A50}.Debug|x64.Build.0 = Debug|x64
		{28CD3E92-CA9D-4DBA-9DC7-7264341F6A50}.Debug|x86.ActiveCfg = Debug|Win32
		{28CD3E92-CA9D-4DBA-9DC7-7264341F6A50}.Debug|x86.Build.0 = Debug|Win32
		{28CD3E92-CA9D-4DBA-9DC7-7264341F6A50}.Release|x64.ActiveCfg = Release|x64
		{28CD3E92-CA9D-4DBA-9DC7-7264341F6A50}.Release|x64.Build.0 = Release|x64
		{28CD3E92-CA9D-4DBA-9DC7-7264341F6A50}.Release|x86.ActiveCfg = Release|Win32
		{28CD3E92-CA9D-4DBA-9DC7-7264341F6A50}.Release|x86.Build.0 = Release|Win32
		{35CA344D-72DC-4CFA-A101-12C30F607FE5}.Debug|x64.ActiveCfg = Debug|x64
		{35CA344D-72DC-4CFA-A101-12C30F607FE5}.Debug|x64.Build.0 = Debug|x64
		{35CA344D-72DC-4CFA-A101-12C30F607FE5}.Debug|x86.ActiveCfg = Debug|Win32
		{35CA344D-72DC-4CFA-A101-12C30F607FE5}.Debug|x86.Build.0 = Debug|Win32
		{35CA344D-72DC-4CFA-A101-12C30F607FE5}.Release|x64.ActiveCfg = Release|x64
		{35CA344D-72DC-4CFA-A101-12C30F607FE5}.Release|x64.Build.0 = Release|x64
		{35CA344D-72DC-4CFA-A101-12C30F607FE5}.Release|x86.ActiveCfg = Release|Win32
		{35CA344D-72DC-4CFA-A101-12C30F607FE5}.Release|x86.Build.0 = Release|Win32
		{0036C13B-25BC-4F11-96C1-997C3CC56E45}.Debug|x64.ActiveCfg = Debug|x64
		{0036C13B-25BC-4F11-96C1-997C3CC56E45}.Debug|x64.Build.0 = Debug|x64
		{0036C13B-25BC-4F11-96C1-997C3CC56E45}.Debug|x86.ActiveCfg = Debug|Win32
		{0036C13B-25BC-4F11-96C1-997C3CC56E45}.Debug|x86.Build.0 = Debug|Win32
		{0036C13B-25BC-4F11-96C1-997C3CC56E45}.Release|x64.ActiveCfg = Release|x64
		{0036C13B-25BC-4F11-96C1-997C3CC56E45}.Release|x64.Build.0 = Release|x64
		{0036C13B-25BC-4F11-96C1-997C3CC56E45}.Release|x86.ActiveCfg = Release|Win32
		{0036C13B-25BC-4F11-96C1-997C3CC56E45}.Release|x86.Build.0 = Release|Win32
	EndGlobalSection
	GlobalSection(SolutionProperties) = preSolution
		HideSolutionNode = FALSE
	EndGlobalSection
	GlobalSection(ExtensibilityGlobals) = postSolution
		SolutionGuid = {B2BB9E1D-A334-4CF8-9F1A-1AF22D034B81}
	EndGlobalSection
EndGlobal
