
Microsoft Visual Studio Solution File, Format Version 12.00
# Visual Studio 15
VisualStudioVersion = 15.0.28307.168
MinimumVisualStudioVersion = 10.0.40219.1
Project("{8BC9CEB8-8B4A-11D0-8D11-00A0C91BC942}") = "Chapter12_1", "Chapter12_1\Chapter12_1.vcxproj", "{FF2272A0-085C-4D53-9979-A6C696FC8E42}"
EndProject
Project("{8BC9CEB8-8B4A-11D0-8D11-00A0C91BC942}") = "Chapter12_2", "Chapter12_2\Chapter12_2.vcxproj", "{952C8E4B-6C66-4C75-BB5C-4AFBD9DE7466}"
EndProject
Project("{8BC9CEB8-8B4A-11D0-8D11-00A0C91BC942}") = "Chapter12_3", "Chapter12_3\Chapter12_3.vcxproj", "{FF891292-6DA0-413E-970E-BBA7A2A16AFF}"
EndProject
Project("{8BC9CEB8-8B4A-11D0-8D11-00A0C91BC942}") = "Chapter12_4", "Chapter12_4\Chapter12_4.vcxproj", "{8E674A8D-558E-4F1B-A052-85E1C3C729BA}"
EndProject
Project("{8BC9CEB8-8B4A-11D0-8D11-00A0C91BC942}") = "Chapter12_5", "Chapter12_5\Chapter12_5.vcxproj", "{0E247564-7822-4323-8D86-343C04ADCFB6}"
EndProject
Project("{8BC9CEB8-8B4A-11D0-8D11-00A0C91BC942}") = "Chapter12_6", "Chapter12_6\Chapter12_6.vcxproj", "{2AA89A75-CE16-4891-BC6A-03A01E84CB2B}"
EndProject
Project("{8BC9CEB8-8B4A-11D0-8D11-00A0C91BC942}") = "Chapter12_7", "Chapter12_7\Chapter12_7.vcxproj", "{E9225DE5-026B-47F3-8889-D441D235D3DA}"
EndProject
Project("{8BC9CEB8-8B4A-11D0-8D11-00A0C91BC942}") = "Chapter12_8", "Chapter12_8\Chapter12_8.vcxproj", "{510FD325-44FA-49B7-A2AC-DE6A0BE8A96B}"
EndProject
Project("{8BC9CEB8-8B4A-11D0-8D11-00A0C91BC942}") = "Chapter12_9", "Chapter12_9\Chapter12_9.vcxproj", "{3D4E8058-CDB7-4A8C-A081-96E55CEA3F37}"
EndProject
Project("{8BC9CEB8-8B4A-11D0-8D11-00A0C91BC942}") = "Chapter12_10", "Chapter12_10\Chapter12_10.vcxproj", "{03889939-C5C3-4B46-ABA7-62B32F0D3B50}"
EndProject
Project("{8BC9CEB8-8B4A-11D0-8D11-00A0C91BC942}") = "Chapter12_11", "Chapter12_11\Chapter12_11.vcxproj", "{5E84EA26-17D3-42D5-95B3-47AEACA08576}"
EndProject
Global
	GlobalSection(SolutionConfigurationPlatforms) = preSolution
		Debug|x64 = Debug|x64
		Debug|x86 = Debug|x86
		Release|x64 = Release|x64
		Release|x86 = Release|x86
	EndGlobalSection
	GlobalSection(ProjectConfigurationPlatforms) = postSolution
		{FF2272A0-085C-4D53-9979-A6C696FC8E42}.Debug|x64.ActiveCfg = Debug|x64
		{FF2272A0-085C-4D53-9979-A6C696FC8E42}.Debug|x64.Build.0 = Debug|x64
		{FF2272A0-085C-4D53-9979-A6C696FC8E42}.Debug|x86.ActiveCfg = Debug|Win32
		{FF2272A0-085C-4D53-9979-A6C696FC8E42}.Debug|x86.Build.0 = Debug|Win32
		{FF2272A0-085C-4D53-9979-A6C696FC8E42}.Release|x64.ActiveCfg = Release|x64
		{FF2272A0-085C-4D53-9979-A6C696FC8E42}.Release|x64.Build.0 = Release|x64
		{FF2272A0-085C-4D53-9979-A6C696FC8E42}.Release|x86.ActiveCfg = Release|Win32
		{FF2272A0-085C-4D53-9979-A6C696FC8E42}.Release|x86.Build.0 = Release|Win32
		{952C8E4B-6C66-4C75-BB5C-4AFBD9DE7466}.Debug|x64.ActiveCfg = Debug|x64
		{952C8E4B-6C66-4C75-BB5C-4AFBD9DE7466}.Debug|x64.Build.0 = Debug|x64
		{952C8E4B-6C66-4C75-BB5C-4AFBD9DE7466}.Debug|x86.ActiveCfg = Debug|Win32
		{952C8E4B-6C66-4C75-BB5C-4AFBD9DE7466}.Debug|x86.Build.0 = Debug|Win32
		{952C8E4B-6C66-4C75-BB5C-4AFBD9DE7466}.Release|x64.ActiveCfg = Release|x64
		{952C8E4B-6C66-4C75-BB5C-4AFBD9DE7466}.Release|x64.Build.0 = Release|x64
		{952C8E4B-6C66-4C75-BB5C-4AFBD9DE7466}.Release|x86.ActiveCfg = Release|Win32
		{952C8E4B-6C66-4C75-BB5C-4AFBD9DE7466}.Release|x86.Build.0 = Release|Win32
		{FF891292-6DA0-413E-970E-BBA7A2A16AFF}.Debug|x64.ActiveCfg = Debug|x64
		{FF891292-6DA0-413E-970E-BBA7A2A16AFF}.Debug|x64.Build.0 = Debug|x64
		{FF891292-6DA0-413E-970E-BBA7A2A16AFF}.Debug|x86.ActiveCfg = Debug|Win32
		{FF891292-6DA0-413E-970E-BBA7A2A16AFF}.Debug|x86.Build.0 = Debug|Win32
		{FF891292-6DA0-413E-970E-BBA7A2A16AFF}.Release|x64.ActiveCfg = Release|x64
		{FF891292-6DA0-413E-970E-BBA7A2A16AFF}.Release|x64.Build.0 = Release|x64
		{FF891292-6DA0-413E-970E-BBA7A2A16AFF}.Release|x86.ActiveCfg = Release|Win32
		{FF891292-6DA0-413E-970E-BBA7A2A16AFF}.Release|x86.Build.0 = Release|Win32
		{8E674A8D-558E-4F1B-A052-85E1C3C729BA}.Debug|x64.ActiveCfg = Debug|x64
		{8E674A8D-558E-4F1B-A052-85E1C3C729BA}.Debug|x64.Build.0 = Debug|x64
		{8E674A8D-558E-4F1B-A052-85E1C3C729BA}.Debug|x86.ActiveCfg = Debug|Win32
		{8E674A8D-558E-4F1B-A052-85E1C3C729BA}.Debug|x86.Build.0 = Debug|Win32
		{8E674A8D-558E-4F1B-A052-85E1C3C729BA}.Release|x64.ActiveCfg = Release|x64
		{8E674A8D-558E-4F1B-A052-85E1C3C729BA}.Release|x64.Build.0 = Release|x64
		{8E674A8D-558E-4F1B-A052-85E1C3C729BA}.Release|x86.ActiveCfg = Release|Win32
		{8E674A8D-558E-4F1B-A052-85E1C3C729BA}.Release|x86.Build.0 = Release|Win32
		{0E247564-7822-4323-8D86-343C04ADCFB6}.Debug|x64.ActiveCfg = Debug|x64
		{0E247564-7822-4323-8D86-343C04ADCFB6}.Debug|x64.Build.0 = Debug|x64
		{0E247564-7822-4323-8D86-343C04ADCFB6}.Debug|x86.ActiveCfg = Debug|Win32
		{0E247564-7822-4323-8D86-343C04ADCFB6}.Debug|x86.Build.0 = Debug|Win32
		{0E247564-7822-4323-8D86-343C04ADCFB6}.Release|x64.ActiveCfg = Release|x64
		{0E247564-7822-4323-8D86-343C04ADCFB6}.Release|x64.Build.0 = Release|x64
		{0E247564-7822-4323-8D86-343C04ADCFB6}.Release|x86.ActiveCfg = Release|Win32
		{0E247564-7822-4323-8D86-343C04ADCFB6}.Release|x86.Build.0 = Release|Win32
		{2AA89A75-CE16-4891-BC6A-03A01E84CB2B}.Debug|x64.ActiveCfg = Debug|x64
		{2AA89A75-CE16-4891-BC6A-03A01E84CB2B}.Debug|x64.Build.0 = Debug|x64
		{2AA89A75-CE16-4891-BC6A-03A01E84CB2B}.Debug|x86.ActiveCfg = Debug|Win32
		{2AA89A75-CE16-4891-BC6A-03A01E84CB2B}.Debug|x86.Build.0 = Debug|Win32
		{2AA89A75-CE16-4891-BC6A-03A01E84CB2B}.Release|x64.ActiveCfg = Release|x64
		{2AA89A75-CE16-4891-BC6A-03A01E84CB2B}.Release|x64.Build.0 = Release|x64
		{2AA89A75-CE16-4891-BC6A-03A01E84CB2B}.Release|x86.ActiveCfg = Release|Win32
		{2AA89A75-CE16-4891-BC6A-03A01E84CB2B}.Release|x86.Build.0 = Release|Win32
		{E9225DE5-026B-47F3-8889-D441D235D3DA}.Debug|x64.ActiveCfg = Debug|x64
		{E9225DE5-026B-47F3-8889-D441D235D3DA}.Debug|x64.Build.0 = Debug|x64
		{E9225DE5-026B-47F3-8889-D441D235D3DA}.Debug|x86.ActiveCfg = Debug|Win32
		{E9225DE5-026B-47F3-8889-D441D235D3DA}.Debug|x86.Build.0 = Debug|Win32
		{E9225DE5-026B-47F3-8889-D441D235D3DA}.Release|x64.ActiveCfg = Release|x64
		{E9225DE5-026B-47F3-8889-D441D235D3DA}.Release|x64.Build.0 = Release|x64
		{E9225DE5-026B-47F3-8889-D441D235D3DA}.Release|x86.ActiveCfg = Release|Win32
		{E9225DE5-026B-47F3-8889-D441D235D3DA}.Release|x86.Build.0 = Release|Win32
		{510FD325-44FA-49B7-A2AC-DE6A0BE8A96B}.Debug|x64.ActiveCfg = Debug|x64
		{510FD325-44FA-49B7-A2AC-DE6A0BE8A96B}.Debug|x64.Build.0 = Debug|x64
		{510FD325-44FA-49B7-A2AC-DE6A0BE8A96B}.Debug|x86.ActiveCfg = Debug|Win32
		{510FD325-44FA-49B7-A2AC-DE6A0BE8A96B}.Debug|x86.Build.0 = Debug|Win32
		{510FD325-44FA-49B7-A2AC-DE6A0BE8A96B}.Release|x64.ActiveCfg = Release|x64
		{510FD325-44FA-49B7-A2AC-DE6A0BE8A96B}.Release|x64.Build.0 = Release|x64
		{510FD325-44FA-49B7-A2AC-DE6A0BE8A96B}.Release|x86.ActiveCfg = Release|Win32
		{510FD325-44FA-49B7-A2AC-DE6A0BE8A96B}.Release|x86.Build.0 = Release|Win32
		{3D4E8058-CDB7-4A8C-A081-96E55CEA3F37}.Debug|x64.ActiveCfg = Debug|x64
		{3D4E8058-CDB7-4A8C-A081-96E55CEA3F37}.Debug|x64.Build.0 = Debug|x64
		{3D4E8058-CDB7-4A8C-A081-96E55CEA3F37}.Debug|x86.ActiveCfg = Debug|Win32
		{3D4E8058-CDB7-4A8C-A081-96E55CEA3F37}.Debug|x86.Build.0 = Debug|Win32
		{3D4E8058-CDB7-4A8C-A081-96E55CEA3F37}.Release|x64.ActiveCfg = Release|x64
		{3D4E8058-CDB7-4A8C-A081-96E55CEA3F37}.Release|x64.Build.0 = Release|x64
		{3D4E8058-CDB7-4A8C-A081-96E55CEA3F37}.Release|x86.ActiveCfg = Release|Win32
		{3D4E8058-CDB7-4A8C-A081-96E55CEA3F37}.Release|x86.Build.0 = Release|Win32
		{03889939-C5C3-4B46-ABA7-62B32F0D3B50}.Debug|x64.ActiveCfg = Debug|x64
		{03889939-C5C3-4B46-ABA7-62B32F0D3B50}.Debug|x64.Build.0 = Debug|x64
		{03889939-C5C3-4B46-ABA7-62B32F0D3B50}.Debug|x86.ActiveCfg = Debug|Win32
		{03889939-C5C3-4B46-ABA7-62B32F0D3B50}.Debug|x86.Build.0 = Debug|Win32
		{03889939-C5C3-4B46-ABA7-62B32F0D3B50}.Release|x64.ActiveCfg = Release|x64
		{03889939-C5C3-4B46-ABA7-62B32F0D3B50}.Release|x64.Build.0 = Release|x64
		{03889939-C5C3-4B46-ABA7-62B32F0D3B50}.Release|x86.ActiveCfg = Release|Win32
		{03889939-C5C3-4B46-ABA7-62B32F0D3B50}.Release|x86.Build.0 = Release|Win32
		{5E84EA26-17D3-42D5-95B3-47AEACA08576}.Debug|x64.ActiveCfg = Debug|x64
		{5E84EA26-17D3-42D5-95B3-47AEACA08576}.Debug|x64.Build.0 = Debug|x64
		{5E84EA26-17D3-42D5-95B3-47AEACA08576}.Debug|x86.ActiveCfg = Debug|Win32
		{5E84EA26-17D3-42D5-95B3-47AEACA08576}.Debug|x86.Build.0 = Debug|Win32
		{5E84EA26-17D3-42D5-95B3-47AEACA08576}.Release|x64.ActiveCfg = Release|x64
		{5E84EA26-17D3-42D5-95B3-47AEACA08576}.Release|x64.Build.0 = Release|x64
		{5E84EA26-17D3-42D5-95B3-47AEACA08576}.Release|x86.ActiveCfg = Release|Win32
		{5E84EA26-17D3-42D5-95B3-47AEACA08576}.Release|x86.Build.0 = Release|Win32
	EndGlobalSection
	GlobalSection(SolutionProperties) = preSolution
		HideSolutionNode = FALSE
	EndGlobalSection
	GlobalSection(ExtensibilityGlobals) = postSolution
		SolutionGuid = {FE1D7C76-A1C5-4F23-84E6-E0866F647F29}
	EndGlobalSection
EndGlobal
