
Microsoft Visual Studio Solution File, Format Version 12.00
# Visual Studio 15
VisualStudioVersion = 15.0.28307.168
MinimumVisualStudioVersion = 10.0.40219.1
Project("{8BC9CEB8-8B4A-11D0-8D11-00A0C91BC942}") = "Chapter8_1", "Chapter8_1\Chapter8_1.vcxproj", "{429DC963-F5F8-4D5A-83C8-755C63AC1440}"
EndProject
Project("{8BC9CEB8-8B4A-11D0-8D11-00A0C91BC942}") = "Chapter8_2", "Chapter8_2\Chapter8_2.vcxproj", "{C01AE702-0CD9-46B5-821A-F711380DC90F}"
EndProject
Project("{8BC9CEB8-8B4A-11D0-8D11-00A0C91BC942}") = "Chapter8_3", "Chapter8_3\Chapter8_3.vcxproj", "{00F75C50-69AD-41EF-8E08-970CAC95F2FA}"
EndProject
Project("{8BC9CEB8-8B4A-11D0-8D11-00A0C91BC942}") = "Chapter8_4", "Chapter8_4\Chapter8_4.vcxproj", "{0525C3DE-6C55-4030-A6AA-229521493B54}"
EndProject
Project("{8BC9CEB8-8B4A-11D0-8D11-00A0C91BC942}") = "Chapter8_5", "Chapter8_5\Chapter8_5.vcxproj", "{DE0A7E28-96DE-42C0-9291-4683D07A1093}"
EndProject
Project("{8BC9CEB8-8B4A-11D0-8D11-00A0C91BC942}") = "Chapter8_6", "Chapter8_6\Chapter8_6.vcxproj", "{1618954B-895E-4E6A-B38E-F10D98422308}"
EndProject
Project("{8BC9CEB8-8B4A-11D0-8D11-00A0C91BC942}") = "Chapter8_7", "Chapter8_7\Chapter8_7.vcxproj", "{893725E9-9EB1-4A3D-847C-0642E27723B2}"
EndProject
Project("{8BC9CEB8-8B4A-11D0-8D11-00A0C91BC942}") = "Chapter8_8", "Chapter8_8\Chapter8_8.vcxproj", "{153C8980-9E4E-48D5-93CE-FF0EDE659C6E}"
EndProject
Project("{8BC9CEB8-8B4A-11D0-8D11-00A0C91BC942}") = "Chapter8_9", "Chapter8_9\Chapter8_9.vcxproj", "{007BC21B-0430-402D-A5E4-CEEA5B4800ED}"
EndProject
Project("{8BC9CEB8-8B4A-11D0-8D11-00A0C91BC942}") = "Chapter8_10", "Chapter8_10\Chapter8_10.vcxproj", "{FD89DE57-9A6B-43A5-AEFD-77344C41320B}"
EndProject
Project("{8BC9CEB8-8B4A-11D0-8D11-00A0C91BC942}") = "Chapter8_11", "Chapter8_11\Chapter8_11.vcxproj", "{77D7BAD6-FF47-46FC-8047-956204EE7E0C}"
EndProject
Project("{8BC9CEB8-8B4A-11D0-8D11-00A0C91BC942}") = "Chapter8_12", "Chapter8_12\Chapter8_12.vcxproj", "{506C447A-49B9-4E5F-B73D-F330589B867B}"
EndProject
Project("{8BC9CEB8-8B4A-11D0-8D11-00A0C91BC942}") = "Chapter8_13", "Chapter8_13\Chapter8_13.vcxproj", "{DF8F89D6-C03F-4F5E-98B0-4586760A1BA3}"
EndProject
Project("{8BC9CEB8-8B4A-11D0-8D11-00A0C91BC942}") = "Chapter8_14", "Chapter8_14\Chapter8_14.vcxproj", "{98124E99-9F7F-4D4F-B8E8-29E14A735AE6}"
EndProject
Project("{8BC9CEB8-8B4A-11D0-8D11-00A0C91BC942}") = "Chapter8_15", "Chapter8_15\Chapter8_15.vcxproj", "{FA7C21EA-21DC-4B6A-A2D2-8050D415B86D}"
EndProject
Global
	GlobalSection(SolutionConfigurationPlatforms) = preSolution
		Debug|x64 = Debug|x64
		Debug|x86 = Debug|x86
		Release|x64 = Release|x64
		Release|x86 = Release|x86
	EndGlobalSection
	GlobalSection(ProjectConfigurationPlatforms) = postSolution
		{429DC963-F5F8-4D5A-83C8-755C63AC1440}.Debug|x64.ActiveCfg = Debug|x64
		{429DC963-F5F8-4D5A-83C8-755C63AC1440}.Debug|x64.Build.0 = Debug|x64
		{429DC963-F5F8-4D5A-83C8-755C63AC1440}.Debug|x86.ActiveCfg = Debug|Win32
		{429DC963-F5F8-4D5A-83C8-755C63AC1440}.Debug|x86.Build.0 = Debug|Win32
		{429DC963-F5F8-4D5A-83C8-755C63AC1440}.Release|x64.ActiveCfg = Release|x64
		{429DC963-F5F8-4D5A-83C8-755C63AC1440}.Release|x64.Build.0 = Release|x64
		{429DC963-F5F8-4D5A-83C8-755C63AC1440}.Release|x86.ActiveCfg = Release|Win32
		{429DC963-F5F8-4D5A-83C8-755C63AC1440}.Release|x86.Build.0 = Release|Win32
		{C01AE702-0CD9-46B5-821A-F711380DC90F}.Debug|x64.ActiveCfg = Debug|x64
		{C01AE702-0CD9-46B5-821A-F711380DC90F}.Debug|x64.Build.0 = Debug|x64
		{C01AE702-0CD9-46B5-821A-F711380DC90F}.Debug|x86.ActiveCfg = Debug|Win32
		{C01AE702-0CD9-46B5-821A-F711380DC90F}.Debug|x86.Build.0 = Debug|Win32
		{C01AE702-0CD9-46B5-821A-F711380DC90F}.Release|x64.ActiveCfg = Release|x64
		{C01AE702-0CD9-46B5-821A-F711380DC90F}.Release|x64.Build.0 = Release|x64
		{C01AE702-0CD9-46B5-821A-F711380DC90F}.Release|x86.ActiveCfg = Release|Win32
		{C01AE702-0CD9-46B5-821A-F711380DC90F}.Release|x86.Build.0 = Release|Win32
		{00F75C50-69AD-41EF-8E08-970CAC95F2FA}.Debug|x64.ActiveCfg = Debug|x64
		{00F75C50-69AD-41EF-8E08-970CAC95F2FA}.Debug|x64.Build.0 = Debug|x64
		{00F75C50-69AD-41EF-8E08-970CAC95F2FA}.Debug|x86.ActiveCfg = Debug|Win32
		{00F75C50-69AD-41EF-8E08-970CAC95F2FA}.Debug|x86.Build.0 = Debug|Win32
		{00F75C50-69AD-41EF-8E08-970CAC95F2FA}.Release|x64.ActiveCfg = Release|x64
		{00F75C50-69AD-41EF-8E08-970CAC95F2FA}.Release|x64.Build.0 = Release|x64
		{00F75C50-69AD-41EF-8E08-970CAC95F2FA}.Release|x86.ActiveCfg = Release|Win32
		{00F75C50-69AD-41EF-8E08-970CAC95F2FA}.Release|x86.Build.0 = Release|Win32
		{0525C3DE-6C55-4030-A6AA-229521493B54}.Debug|x64.ActiveCfg = Debug|x64
		{0525C3DE-6C55-4030-A6AA-229521493B54}.Debug|x64.Build.0 = Debug|x64
		{0525C3DE-6C55-4030-A6AA-229521493B54}.Debug|x86.ActiveCfg = Debug|Win32
		{0525C3DE-6C55-4030-A6AA-229521493B54}.Debug|x86.Build.0 = Debug|Win32
		{0525C3DE-6C55-4030-A6AA-229521493B54}.Release|x64.ActiveCfg = Release|x64
		{0525C3DE-6C55-4030-A6AA-229521493B54}.Release|x64.Build.0 = Release|x64
		{0525C3DE-6C55-4030-A6AA-229521493B54}.Release|x86.ActiveCfg = Release|Win32
		{0525C3DE-6C55-4030-A6AA-229521493B54}.Release|x86.Build.0 = Release|Win32
		{DE0A7E28-96DE-42C0-9291-4683D07A1093}.Debug|x64.ActiveCfg = Debug|x64
		{DE0A7E28-96DE-42C0-9291-4683D07A1093}.Debug|x64.Build.0 = Debug|x64
		{DE0A7E28-96DE-42C0-9291-4683D07A1093}.Debug|x86.ActiveCfg = Debug|Win32
		{DE0A7E28-96DE-42C0-9291-4683D07A1093}.Debug|x86.Build.0 = Debug|Win32
		{DE0A7E28-96DE-42C0-9291-4683D07A1093}.Release|x64.ActiveCfg = Release|x64
		{DE0A7E28-96DE-42C0-9291-4683D07A1093}.Release|x64.Build.0 = Release|x64
		{DE0A7E28-96DE-42C0-9291-4683D07A1093}.Release|x86.ActiveCfg = Release|Win32
		{DE0A7E28-96DE-42C0-9291-4683D07A1093}.Release|x86.Build.0 = Release|Win32
		{1618954B-895E-4E6A-B38E-F10D98422308}.Debug|x64.ActiveCfg = Debug|x64
		{1618954B-895E-4E6A-B38E-F10D98422308}.Debug|x64.Build.0 = Debug|x64
		{1618954B-895E-4E6A-B38E-F10D98422308}.Debug|x86.ActiveCfg = Debug|Win32
		{1618954B-895E-4E6A-B38E-F10D98422308}.Debug|x86.Build.0 = Debug|Win32
		{1618954B-895E-4E6A-B38E-F10D98422308}.Release|x64.ActiveCfg = Release|x64
		{1618954B-895E-4E6A-B38E-F10D98422308}.Release|x64.Build.0 = Release|x64
		{1618954B-895E-4E6A-B38E-F10D98422308}.Release|x86.ActiveCfg = Release|Win32
		{1618954B-895E-4E6A-B38E-F10D98422308}.Release|x86.Build.0 = Release|Win32
		{893725E9-9EB1-4A3D-847C-0642E27723B2}.Debug|x64.ActiveCfg = Debug|x64
		{893725E9-9EB1-4A3D-847C-0642E27723B2}.Debug|x64.Build.0 = Debug|x64
		{893725E9-9EB1-4A3D-847C-0642E27723B2}.Debug|x86.ActiveCfg = Debug|Win32
		{893725E9-9EB1-4A3D-847C-0642E27723B2}.Debug|x86.Build.0 = Debug|Win32
		{893725E9-9EB1-4A3D-847C-0642E27723B2}.Release|x64.ActiveCfg = Release|x64
		{893725E9-9EB1-4A3D-847C-0642E27723B2}.Release|x64.Build.0 = Release|x64
		{893725E9-9EB1-4A3D-847C-0642E27723B2}.Release|x86.ActiveCfg = Release|Win32
		{893725E9-9EB1-4A3D-847C-0642E27723B2}.Release|x86.Build.0 = Release|Win32
		{153C8980-9E4E-48D5-93CE-FF0EDE659C6E}.Debug|x64.ActiveCfg = Debug|x64
		{153C8980-9E4E-48D5-93CE-FF0EDE659C6E}.Debug|x64.Build.0 = Debug|x64
		{153C8980-9E4E-48D5-93CE-FF0EDE659C6E}.Debug|x86.ActiveCfg = Debug|Win32
		{153C8980-9E4E-48D5-93CE-FF0EDE659C6E}.Debug|x86.Build.0 = Debug|Win32
		{153C8980-9E4E-48D5-93CE-FF0EDE659C6E}.Release|x64.ActiveCfg = Release|x64
		{153C8980-9E4E-48D5-93CE-FF0EDE659C6E}.Release|x64.Build.0 = Release|x64
		{153C8980-9E4E-48D5-93CE-FF0EDE659C6E}.Release|x86.ActiveCfg = Release|Win32
		{153C8980-9E4E-48D5-93CE-FF0EDE659C6E}.Release|x86.Build.0 = Release|Win32
		{007BC21B-0430-402D-A5E4-CEEA5B4800ED}.Debug|x64.ActiveCfg = Debug|x64
		{007BC21B-0430-402D-A5E4-CEEA5B4800ED}.Debug|x64.Build.0 = Debug|x64
		{007BC21B-0430-402D-A5E4-CEEA5B4800ED}.Debug|x86.ActiveCfg = Debug|Win32
		{007BC21B-0430-402D-A5E4-CEEA5B4800ED}.Debug|x86.Build.0 = Debug|Win32
		{007BC21B-0430-402D-A5E4-CEEA5B4800ED}.Release|x64.ActiveCfg = Release|x64
		{007BC21B-0430-402D-A5E4-CEEA5B4800ED}.Release|x64.Build.0 = Release|x64
		{007BC21B-0430-402D-A5E4-CEEA5B4800ED}.Release|x86.ActiveCfg = Release|Win32
		{007BC21B-0430-402D-A5E4-CEEA5B4800ED}.Release|x86.Build.0 = Release|Win32
		{FD89DE57-9A6B-43A5-AEFD-77344C41320B}.Debug|x64.ActiveCfg = Debug|x64
		{FD89DE57-9A6B-43A5-AEFD-77344C41320B}.Debug|x64.Build.0 = Debug|x64
		{FD89DE57-9A6B-43A5-AEFD-77344C41320B}.Debug|x86.ActiveCfg = Debug|Win32
		{FD89DE57-9A6B-43A5-AEFD-77344C41320B}.Debug|x86.Build.0 = Debug|Win32
		{FD89DE57-9A6B-43A5-AEFD-77344C41320B}.Release|x64.ActiveCfg = Release|x64
		{FD89DE57-9A6B-43A5-AEFD-77344C41320B}.Release|x64.Build.0 = Release|x64
		{FD89DE57-9A6B-43A5-AEFD-77344C41320B}.Release|x86.ActiveCfg = Release|Win32
		{FD89DE57-9A6B-43A5-AEFD-77344C41320B}.Release|x86.Build.0 = Release|Win32
		{77D7BAD6-FF47-46FC-8047-956204EE7E0C}.Debug|x64.ActiveCfg = Debug|x64
		{77D7BAD6-FF47-46FC-8047-956204EE7E0C}.Debug|x64.Build.0 = Debug|x64
		{77D7BAD6-FF47-46FC-8047-956204EE7E0C}.Debug|x86.ActiveCfg = Debug|Win32
		{77D7BAD6-FF47-46FC-8047-956204EE7E0C}.Debug|x86.Build.0 = Debug|Win32
		{77D7BAD6-FF47-46FC-8047-956204EE7E0C}.Release|x64.ActiveCfg = Release|x64
		{77D7BAD6-FF47-46FC-8047-956204EE7E0C}.Release|x64.Build.0 = Release|x64
		{77D7BAD6-FF47-46FC-8047-956204EE7E0C}.Release|x86.ActiveCfg = Release|Win32
		{77D7BAD6-FF47-46FC-8047-956204EE7E0C}.Release|x86.Build.0 = Release|Win32
		{506C447A-49B9-4E5F-B73D-F330589B867B}.Debug|x64.ActiveCfg = Debug|x64
		{506C447A-49B9-4E5F-B73D-F330589B867B}.Debug|x64.Build.0 = Debug|x64
		{506C447A-49B9-4E5F-B73D-F330589B867B}.Debug|x86.ActiveCfg = Debug|Win32
		{506C447A-49B9-4E5F-B73D-F330589B867B}.Debug|x86.Build.0 = Debug|Win32
		{506C447A-49B9-4E5F-B73D-F330589B867B}.Release|x64.ActiveCfg = Release|x64
		{506C447A-49B9-4E5F-B73D-F330589B867B}.Release|x64.Build.0 = Release|x64
		{506C447A-49B9-4E5F-B73D-F330589B867B}.Release|x86.ActiveCfg = Release|Win32
		{506C447A-49B9-4E5F-B73D-F330589B867B}.Release|x86.Build.0 = Release|Win32
		{DF8F89D6-C03F-4F5E-98B0-4586760A1BA3}.Debug|x64.ActiveCfg = Debug|x64
		{DF8F89D6-C03F-4F5E-98B0-4586760A1BA3}.Debug|x64.Build.0 = Debug|x64
		{DF8F89D6-C03F-4F5E-98B0-4586760A1BA3}.Debug|x86.ActiveCfg = Debug|Win32
		{DF8F89D6-C03F-4F5E-98B0-4586760A1BA3}.Debug|x86.Build.0 = Debug|Win32
		{DF8F89D6-C03F-4F5E-98B0-4586760A1BA3}.Release|x64.ActiveCfg = Release|x64
		{DF8F89D6-C03F-4F5E-98B0-4586760A1BA3}.Release|x64.Build.0 = Release|x64
		{DF8F89D6-C03F-4F5E-98B0-4586760A1BA3}.Release|x86.ActiveCfg = Release|Win32
		{DF8F89D6-C03F-4F5E-98B0-4586760A1BA3}.Release|x86.Build.0 = Release|Win32
		{98124E99-9F7F-4D4F-B8E8-29E14A735AE6}.Debug|x64.ActiveCfg = Debug|x64
		{98124E99-9F7F-4D4F-B8E8-29E14A735AE6}.Debug|x64.Build.0 = Debug|x64
		{98124E99-9F7F-4D4F-B8E8-29E14A735AE6}.Debug|x86.ActiveCfg = Debug|Win32
		{98124E99-9F7F-4D4F-B8E8-29E14A735AE6}.Debug|x86.Build.0 = Debug|Win32
		{98124E99-9F7F-4D4F-B8E8-29E14A735AE6}.Release|x64.ActiveCfg = Release|x64
		{98124E99-9F7F-4D4F-B8E8-29E14A735AE6}.Release|x64.Build.0 = Release|x64
		{98124E99-9F7F-4D4F-B8E8-29E14A735AE6}.Release|x86.ActiveCfg = Release|Win32
		{98124E99-9F7F-4D4F-B8E8-29E14A735AE6}.Release|x86.Build.0 = Release|Win32
		{FA7C21EA-21DC-4B6A-A2D2-8050D415B86D}.Debug|x64.ActiveCfg = Debug|x64
		{FA7C21EA-21DC-4B6A-A2D2-8050D415B86D}.Debug|x64.Build.0 = Debug|x64
		{FA7C21EA-21DC-4B6A-A2D2-8050D415B86D}.Debug|x86.ActiveCfg = Debug|Win32
		{FA7C21EA-21DC-4B6A-A2D2-8050D415B86D}.Debug|x86.Build.0 = Debug|Win32
		{FA7C21EA-21DC-4B6A-A2D2-8050D415B86D}.Release|x64.ActiveCfg = Release|x64
		{FA7C21EA-21DC-4B6A-A2D2-8050D415B86D}.Release|x64.Build.0 = Release|x64
		{FA7C21EA-21DC-4B6A-A2D2-8050D415B86D}.Release|x86.ActiveCfg = Release|Win32
		{FA7C21EA-21DC-4B6A-A2D2-8050D415B86D}.Release|x86.Build.0 = Release|Win32
	EndGlobalSection
	GlobalSection(SolutionProperties) = preSolution
		HideSolutionNode = FALSE
	EndGlobalSection
	GlobalSection(ExtensibilityGlobals) = postSolution
		SolutionGuid = {CA87198A-D8F4-4701-BB96-CD7B3BC73239}
	EndGlobalSection
EndGlobal
